<?xml version="1.0" encoding="utf-8"?>
<Project ToolsVersion="17.0" xmlns="http://schemas.microsoft.com/developer/msbuild/2003">
  <ItemGroup>
    <CustomBuild Include="C:\Users\root\source\repos\OpenCLTemplate3.0\buildwin\CMakeFiles\2b7c8a8e493ac6b04ab9b4e9ef590b4c\generate.stamp.rule">
      <Filter>CMake Rules</Filter>
    </CustomBuild>
  </ItemGroup>
  <ItemGroup>
    <Filter Include="CMake Rules">
      <UniqueIdentifier>{536FE23D-89AC-37DB-9F95-07590C9C9C11}</UniqueIdentifier>
    </Filter>
  </ItemGroup>
</Project>
