<?xml version="1.0" encoding="utf-8"?>
<Project ToolsVersion="17.0" xmlns="http://schemas.microsoft.com/developer/msbuild/2003">
  <ItemGroup>
    <CustomBuild Include="C:\Users\root\source\repos\OpenCL\MatrixMultiplicationNaiveGPU\buildwin\CMakeFiles\2df5f76df9194d5b78c8ff8d5cfb0b00\generate.stamp.rule">
      <Filter>CMake Rules</Filter>
    </CustomBuild>
  </ItemGroup>
  <ItemGroup>
    <Filter Include="CMake Rules">
      <UniqueIdentifier>{2867E24E-99D1-3B61-B523-92696F092549}</UniqueIdentifier>
    </Filter>
  </ItemGroup>
</Project>
